
Microsoft Visual Studio Solution File, Format Version 12.00
# Visual Studio Version 16
VisualStudioVersion = 16.0.31105.61
MinimumVisualStudioVersion = 10.0.40219.1
Project("{8BC9CEB8-8B4A-11D0-8D11-00A0C91BC942}") = "QGwork1", "QGwork1\QGwork1.vcxproj", "{BEE154CD-F692-4D2D-9BA3-51196F5D71F0}"
EndProject
Global
	GlobalSection(SolutionConfigurationPlatforms) = preSolution
		Debug|x64 = Debug|x64
		Debug|x86 = Debug|x86
		Release|x64 = Release|x64
		Release|x86 = Release|x86
	EndGlobalSection
	GlobalSection(ProjectConfigurationPlatforms) = postSolution
		{BEE154CD-F692-4D2D-9BA3-51196F5D71F0}.Debug|x64.ActiveCfg = Debug|x64
		{BEE154CD-F692-4D2D-9BA3-51196F5D71F0}.Debug|x64.Build.0 = Debug|x64
		{BEE154CD-F692-4D2D-9BA3-51196F5D71F0}.Debug|x86.ActiveCfg = Debug|Win32
		{BEE154CD-F692-4D2D-9BA3-51196F5D71F0}.Debug|x86.Build.0 = Debug|Win32
		{BEE154CD-F692-4D2D-9BA3-51196F5D71F0}.Release|x64.ActiveCfg = Release|x64
		{BEE154CD-F692-4D2D-9BA3-51196F5D71F0}.Release|x64.Build.0 = Release|x64
		{BEE154CD-F692-4D2D-9BA3-51196F5D71F0}.Release|x86.ActiveCfg = Release|Win32
		{BEE154CD-F692-4D2D-9BA3-51196F5D71F0}.Release|x86.Build.0 = Release|Win32
	EndGlobalSection
	GlobalSection(SolutionProperties) = preSolution
		HideSolutionNode = FALSE
	EndGlobalSection
	GlobalSection(ExtensibilityGlobals) = postSolution
		SolutionGuid = {15DCF5D9-D699-4B62-8122-2FE3F05F0045}
	EndGlobalSection
EndGlobal
